// !$*UTF8*$!
{
	archiveVersion = 1;
	classes = {
	};
	objectVersion = 50;
	objects = {

/* Begin PBXBuildFile section */
		FA1337DD268837270093F367 /* EssentialFeedClone.framework in Frameworks */ = {isa = PBXBuildFile; fileRef = FA1337D3268837270093F367 /* EssentialFeedClone.framework */; };
		FA1337E2268837270093F367 /* EssentialFeedCloneTests.swift in Sources */ = {isa = PBXBuildFile; fileRef = FA1337E1268837270093F367 /* EssentialFeedCloneTests.swift */; };
		FA1337E4268837270093F367 /* EssentialFeedClone.h in Headers */ = {isa = PBXBuildFile; fileRef = FA1337D6268837270093F367 /* EssentialFeedClone.h */; settings = {ATTRIBUTES = (Public, ); }; };
		FA1337F5268841C60093F367 /* FeedLoader.swift in Sources */ = {isa = PBXBuildFile; fileRef = FA1337EE268841C60093F367 /* FeedLoader.swift */; };
		FA1337F6268841C60093F367 /* FeedItem.swift in Sources */ = {isa = PBXBuildFile; fileRef = FA1337EF268841C60093F367 /* FeedItem.swift */; };
		FA1337F7268841C60093F367 /* URLSessionHTTPClient.swift in Sources */ = {isa = PBXBuildFile; fileRef = FA1337F1268841C60093F367 /* URLSessionHTTPClient.swift */; };
		FA1337F8268841C60093F367 /* FeedItemsMapper.swift in Sources */ = {isa = PBXBuildFile; fileRef = FA1337F2268841C60093F367 /* FeedItemsMapper.swift */; };
		FA1337F9268841C60093F367 /* HTTPClient.swift in Sources */ = {isa = PBXBuildFile; fileRef = FA1337F3268841C60093F367 /* HTTPClient.swift */; };
		FA1337FA268841C60093F367 /* RemoteFeedLoader.swift in Sources */ = {isa = PBXBuildFile; fileRef = FA1337F4268841C60093F367 /* RemoteFeedLoader.swift */; };
		FA133800268842040093F367 /* EssentialFeedTests.swift in Sources */ = {isa = PBXBuildFile; fileRef = FA1337FC268842040093F367 /* EssentialFeedTests.swift */; };
		FA133801268842040093F367 /* XCTestCase+MemoryHelper.swift in Sources */ = {isa = PBXBuildFile; fileRef = FA1337FE268842040093F367 /* XCTestCase+MemoryHelper.swift */; };
		FA133802268842040093F367 /* URLSessionHTTPClientTests.swift in Sources */ = {isa = PBXBuildFile; fileRef = FA1337FF268842040093F367 /* URLSessionHTTPClientTests.swift */; };
		FA133804268842130093F367 /* RemoteFeedLoaderTests.swift in Sources */ = {isa = PBXBuildFile; fileRef = FA133803268842130093F367 /* RemoteFeedLoaderTests.swift */; };
		FA13380C2688437C0093F367 /* EssentialFeedAPIEndToEndTests.swift in Sources */ = {isa = PBXBuildFile; fileRef = FA13380B2688437C0093F367 /* EssentialFeedAPIEndToEndTests.swift */; };
		FA13380E2688437C0093F367 /* EssentialFeedClone.framework in Frameworks */ = {isa = PBXBuildFile; fileRef = FA1337D3268837270093F367 /* EssentialFeedClone.framework */; };
		FA2FA861268CBD0B00CC584E /* EssentialFeedCloneAPIEndToEndTests.swift in Sources */ = {isa = PBXBuildFile; fileRef = FA2FA860268CBD0B00CC584E /* EssentialFeedCloneAPIEndToEndTests.swift */; };
		FA2FA863268CBD0B00CC584E /* EssentialFeedClone.framework in Frameworks */ = {isa = PBXBuildFile; fileRef = FA1337D3268837270093F367 /* EssentialFeedClone.framework */; };
/* End PBXBuildFile section */

/* Begin PBXContainerItemProxy section */
		FA1337DE268837270093F367 /* PBXContainerItemProxy */ = {
			isa = PBXContainerItemProxy;
			containerPortal = FA1337CA268837270093F367 /* Project object */;
			proxyType = 1;
			remoteGlobalIDString = FA1337D2268837270093F367;
			remoteInfo = EssentialFeedClone;
		};
		FA13380F2688437C0093F367 /* PBXContainerItemProxy */ = {
			isa = PBXContainerItemProxy;
			containerPortal = FA1337CA268837270093F367 /* Project object */;
			proxyType = 1;
			remoteGlobalIDString = FA1337D2268837270093F367;
			remoteInfo = EssentialFeedClone;
		};
		FA2FA864268CBD0B00CC584E /* PBXContainerItemProxy */ = {
			isa = PBXContainerItemProxy;
			containerPortal = FA1337CA268837270093F367 /* Project object */;
			proxyType = 1;
			remoteGlobalIDString = FA1337D2268837270093F367;
			remoteInfo = EssentialFeedClone;
		};
/* End PBXContainerItemProxy section */

/* Begin PBXFileReference section */
		FA1337D3268837270093F367 /* EssentialFeedClone.framework */ = {isa = PBXFileReference; explicitFileType = wrapper.framework; includeInIndex = 0; path = EssentialFeedClone.framework; sourceTree = BUILT_PRODUCTS_DIR; };
		FA1337D6268837270093F367 /* EssentialFeedClone.h */ = {isa = PBXFileReference; lastKnownFileType = sourcecode.c.h; path = EssentialFeedClone.h; sourceTree = "<group>"; };
		FA1337D7268837270093F367 /* Info.plist */ = {isa = PBXFileReference; lastKnownFileType = text.plist.xml; path = Info.plist; sourceTree = "<group>"; };
		FA1337DC268837270093F367 /* EssentialFeedCloneTests.xctest */ = {isa = PBXFileReference; explicitFileType = wrapper.cfbundle; includeInIndex = 0; path = EssentialFeedCloneTests.xctest; sourceTree = BUILT_PRODUCTS_DIR; };
		FA1337E1268837270093F367 /* EssentialFeedCloneTests.swift */ = {isa = PBXFileReference; lastKnownFileType = sourcecode.swift; path = EssentialFeedCloneTests.swift; sourceTree = "<group>"; };
		FA1337E3268837270093F367 /* Info.plist */ = {isa = PBXFileReference; lastKnownFileType = text.plist.xml; path = Info.plist; sourceTree = "<group>"; };
		FA1337EE268841C60093F367 /* FeedLoader.swift */ = {isa = PBXFileReference; fileEncoding = 4; lastKnownFileType = sourcecode.swift; path = FeedLoader.swift; sourceTree = "<group>"; };
		FA1337EF268841C60093F367 /* FeedItem.swift */ = {isa = PBXFileReference; fileEncoding = 4; lastKnownFileType = sourcecode.swift; path = FeedItem.swift; sourceTree = "<group>"; };
		FA1337F1268841C60093F367 /* URLSessionHTTPClient.swift */ = {isa = PBXFileReference; fileEncoding = 4; lastKnownFileType = sourcecode.swift; path = URLSessionHTTPClient.swift; sourceTree = "<group>"; };
		FA1337F2268841C60093F367 /* FeedItemsMapper.swift */ = {isa = PBXFileReference; fileEncoding = 4; lastKnownFileType = sourcecode.swift; path = FeedItemsMapper.swift; sourceTree = "<group>"; };
		FA1337F3268841C60093F367 /* HTTPClient.swift */ = {isa = PBXFileReference; fileEncoding = 4; lastKnownFileType = sourcecode.swift; path = HTTPClient.swift; sourceTree = "<group>"; };
		FA1337F4268841C60093F367 /* RemoteFeedLoader.swift */ = {isa = PBXFileReference; fileEncoding = 4; lastKnownFileType = sourcecode.swift; path = RemoteFeedLoader.swift; sourceTree = "<group>"; };
		FA1337FC268842040093F367 /* EssentialFeedTests.swift */ = {isa = PBXFileReference; fileEncoding = 4; lastKnownFileType = sourcecode.swift; path = EssentialFeedTests.swift; sourceTree = "<group>"; };
		FA1337FE268842040093F367 /* XCTestCase+MemoryHelper.swift */ = {isa = PBXFileReference; fileEncoding = 4; lastKnownFileType = sourcecode.swift; path = "XCTestCase+MemoryHelper.swift"; sourceTree = "<group>"; };
		FA1337FF268842040093F367 /* URLSessionHTTPClientTests.swift */ = {isa = PBXFileReference; fileEncoding = 4; lastKnownFileType = sourcecode.swift; path = URLSessionHTTPClientTests.swift; sourceTree = "<group>"; };
		FA133803268842130093F367 /* RemoteFeedLoaderTests.swift */ = {isa = PBXFileReference; fileEncoding = 4; lastKnownFileType = sourcecode.swift; path = RemoteFeedLoaderTests.swift; sourceTree = "<group>"; };
		FA1338092688437C0093F367 /* EssentialFeedAPIEndToEndTests.xctest */ = {isa = PBXFileReference; explicitFileType = wrapper.cfbundle; includeInIndex = 0; path = EssentialFeedAPIEndToEndTests.xctest; sourceTree = BUILT_PRODUCTS_DIR; };
		FA13380B2688437C0093F367 /* EssentialFeedAPIEndToEndTests.swift */ = {isa = PBXFileReference; lastKnownFileType = sourcecode.swift; path = EssentialFeedAPIEndToEndTests.swift; sourceTree = "<group>"; };
		FA13380D2688437C0093F367 /* Info.plist */ = {isa = PBXFileReference; lastKnownFileType = text.plist.xml; path = Info.plist; sourceTree = "<group>"; };
		FA2FA85E268CBD0B00CC584E /* EssentialFeedCloneAPIEndToEndTests.xctest */ = {isa = PBXFileReference; explicitFileType = wrapper.cfbundle; includeInIndex = 0; path = EssentialFeedCloneAPIEndToEndTests.xctest; sourceTree = BUILT_PRODUCTS_DIR; };
		FA2FA860268CBD0B00CC584E /* EssentialFeedCloneAPIEndToEndTests.swift */ = {isa = PBXFileReference; lastKnownFileType = sourcecode.swift; path = EssentialFeedCloneAPIEndToEndTests.swift; sourceTree = "<group>"; };
		FA2FA862268CBD0B00CC584E /* Info.plist */ = {isa = PBXFileReference; lastKnownFileType = text.plist.xml; path = Info.plist; sourceTree = "<group>"; };
/* End PBXFileReference section */

/* Begin PBXFrameworksBuildPhase section */
		FA1337D0268837270093F367 /* Frameworks */ = {
			isa = PBXFrameworksBuildPhase;
			buildActionMask = 2147483647;
			files = (
			);
			runOnlyForDeploymentPostprocessing = 0;
		};
		FA1337D9268837270093F367 /* Frameworks */ = {
			isa = PBXFrameworksBuildPhase;
			buildActionMask = 2147483647;
			files = (
				FA1337DD268837270093F367 /* EssentialFeedClone.framework in Frameworks */,
			);
			runOnlyForDeploymentPostprocessing = 0;
		};
		FA1338062688437C0093F367 /* Frameworks */ = {
			isa = PBXFrameworksBuildPhase;
			buildActionMask = 2147483647;
			files = (
				FA13380E2688437C0093F367 /* EssentialFeedClone.framework in Frameworks */,
			);
			runOnlyForDeploymentPostprocessing = 0;
		};
		FA2FA85B268CBD0B00CC584E /* Frameworks */ = {
			isa = PBXFrameworksBuildPhase;
			buildActionMask = 2147483647;
			files = (
				FA2FA863268CBD0B00CC584E /* EssentialFeedClone.framework in Frameworks */,
			);
			runOnlyForDeploymentPostprocessing = 0;
		};
/* End PBXFrameworksBuildPhase section */

/* Begin PBXGroup section */
		FA1337C9268837270093F367 = {
			isa = PBXGroup;
			children = (
				FA1337D5268837270093F367 /* EssentialFeedClone */,
				FA1337E0268837270093F367 /* EssentialFeedCloneTests */,
				FA13380A2688437C0093F367 /* EssentialFeedAPIEndToEndTests */,
				FA2FA85F268CBD0B00CC584E /* EssentialFeedCloneAPIEndToEndTests */,
				FA1337D4268837270093F367 /* Products */,
			);
			sourceTree = "<group>";
		};
		FA1337D4268837270093F367 /* Products */ = {
			isa = PBXGroup;
			children = (
				FA1337D3268837270093F367 /* EssentialFeedClone.framework */,
				FA1337DC268837270093F367 /* EssentialFeedCloneTests.xctest */,
				FA1338092688437C0093F367 /* EssentialFeedAPIEndToEndTests.xctest */,
				FA2FA85E268CBD0B00CC584E /* EssentialFeedCloneAPIEndToEndTests.xctest */,
			);
			name = Products;
			sourceTree = "<group>";
		};
		FA1337D5268837270093F367 /* EssentialFeedClone */ = {
			isa = PBXGroup;
			children = (
				FA1337F0268841C60093F367 /* FeedAPI */,
				FA1337ED268841C60093F367 /* FeedFeature */,
				FA1337D6268837270093F367 /* EssentialFeedClone.h */,
				FA1337D7268837270093F367 /* Info.plist */,
			);
			path = EssentialFeedClone;
			sourceTree = "<group>";
		};
		FA1337E0268837270093F367 /* EssentialFeedCloneTests */ = {
			isa = PBXGroup;
			children = (
				FA133803268842130093F367 /* RemoteFeedLoaderTests.swift */,
				FA1337FB268842040093F367 /* Feed  API */,
				FA1337E1268837270093F367 /* EssentialFeedCloneTests.swift */,
				FA1337E3268837270093F367 /* Info.plist */,
			);
			path = EssentialFeedCloneTests;
			sourceTree = "<group>";
		};
		FA1337ED268841C60093F367 /* FeedFeature */ = {
			isa = PBXGroup;
			children = (
				FA1337EE268841C60093F367 /* FeedLoader.swift */,
				FA1337EF268841C60093F367 /* FeedItem.swift */,
			);
			path = FeedFeature;
			sourceTree = "<group>";
		};
		FA1337F0268841C60093F367 /* FeedAPI */ = {
			isa = PBXGroup;
			children = (
				FA1337F1268841C60093F367 /* URLSessionHTTPClient.swift */,
				FA1337F2268841C60093F367 /* FeedItemsMapper.swift */,
				FA1337F3268841C60093F367 /* HTTPClient.swift */,
				FA1337F4268841C60093F367 /* RemoteFeedLoader.swift */,
			);
			path = FeedAPI;
			sourceTree = "<group>";
		};
		FA1337FB268842040093F367 /* Feed  API */ = {
			isa = PBXGroup;
			children = (
				FA1337FC268842040093F367 /* EssentialFeedTests.swift */,
				FA1337FD268842040093F367 /* Helper */,
				FA1337FF268842040093F367 /* URLSessionHTTPClientTests.swift */,
			);
			path = "Feed  API";
			sourceTree = "<group>";
		};
		FA1337FD268842040093F367 /* Helper */ = {
			isa = PBXGroup;
			children = (
				FA1337FE268842040093F367 /* XCTestCase+MemoryHelper.swift */,
			);
			path = Helper;
			sourceTree = "<group>";
		};
		FA13380A2688437C0093F367 /* EssentialFeedAPIEndToEndTests */ = {
			isa = PBXGroup;
			children = (
				FA13380B2688437C0093F367 /* EssentialFeedAPIEndToEndTests.swift */,
				FA13380D2688437C0093F367 /* Info.plist */,
			);
			path = EssentialFeedAPIEndToEndTests;
			sourceTree = "<group>";
		};
		FA2FA85F268CBD0B00CC584E /* EssentialFeedCloneAPIEndToEndTests */ = {
			isa = PBXGroup;
			children = (
				FA2FA860268CBD0B00CC584E /* EssentialFeedCloneAPIEndToEndTests.swift */,
				FA2FA862268CBD0B00CC584E /* Info.plist */,
			);
			path = EssentialFeedCloneAPIEndToEndTests;
			sourceTree = "<group>";
		};
/* End PBXGroup section */

/* Begin PBXHeadersBuildPhase section */
		FA1337CE268837270093F367 /* Headers */ = {
			isa = PBXHeadersBuildPhase;
			buildActionMask = 2147483647;
			files = (
				FA1337E4268837270093F367 /* EssentialFeedClone.h in Headers */,
			);
			runOnlyForDeploymentPostprocessing = 0;
		};
/* End PBXHeadersBuildPhase section */

/* Begin PBXNativeTarget section */
		FA1337D2268837270093F367 /* EssentialFeedClone */ = {
			isa = PBXNativeTarget;
			buildConfigurationList = FA1337E7268837270093F367 /* Build configuration list for PBXNativeTarget "EssentialFeedClone" */;
			buildPhases = (
				FA1337CE268837270093F367 /* Headers */,
				FA1337CF268837270093F367 /* Sources */,
				FA1337D0268837270093F367 /* Frameworks */,
				FA1337D1268837270093F367 /* Resources */,
			);
			buildRules = (
			);
			dependencies = (
			);
			name = EssentialFeedClone;
			productName = EssentialFeedClone;
			productReference = FA1337D3268837270093F367 /* EssentialFeedClone.framework */;
			productType = "com.apple.product-type.framework";
		};
		FA1337DB268837270093F367 /* EssentialFeedCloneTests */ = {
			isa = PBXNativeTarget;
			buildConfigurationList = FA1337EA268837270093F367 /* Build configuration list for PBXNativeTarget "EssentialFeedCloneTests" */;
			buildPhases = (
				FA1337D8268837270093F367 /* Sources */,
				FA1337D9268837270093F367 /* Frameworks */,
				FA1337DA268837270093F367 /* Resources */,
			);
			buildRules = (
			);
			dependencies = (
				FA1337DF268837270093F367 /* PBXTargetDependency */,
			);
			name = EssentialFeedCloneTests;
			productName = EssentialFeedCloneTests;
			productReference = FA1337DC268837270093F367 /* EssentialFeedCloneTests.xctest */;
			productType = "com.apple.product-type.bundle.unit-test";
		};
		FA1338082688437C0093F367 /* EssentialFeedAPIEndToEndTests */ = {
			isa = PBXNativeTarget;
			buildConfigurationList = FA1338112688437C0093F367 /* Build configuration list for PBXNativeTarget "EssentialFeedAPIEndToEndTests" */;
			buildPhases = (
				FA1338052688437C0093F367 /* Sources */,
				FA1338062688437C0093F367 /* Frameworks */,
				FA1338072688437C0093F367 /* Resources */,
			);
			buildRules = (
			);
			dependencies = (
				FA1338102688437C0093F367 /* PBXTargetDependency */,
			);
			name = EssentialFeedAPIEndToEndTests;
			productName = EssentialFeedAPIEndToEndTests;
			productReference = FA1338092688437C0093F367 /* EssentialFeedAPIEndToEndTests.xctest */;
			productType = "com.apple.product-type.bundle.unit-test";
		};
		FA2FA85D268CBD0B00CC584E /* EssentialFeedCloneAPIEndToEndTests */ = {
			isa = PBXNativeTarget;
			buildConfigurationList = FA2FA868268CBD0B00CC584E /* Build configuration list for PBXNativeTarget "EssentialFeedCloneAPIEndToEndTests" */;
			buildPhases = (
				FA2FA85A268CBD0B00CC584E /* Sources */,
				FA2FA85B268CBD0B00CC584E /* Frameworks */,
				FA2FA85C268CBD0B00CC584E /* Resources */,
			);
			buildRules = (
			);
			dependencies = (
				FA2FA865268CBD0B00CC584E /* PBXTargetDependency */,
			);
			name = EssentialFeedCloneAPIEndToEndTests;
			productName = EssentialFeedCloneAPIEndToEndTests;
			productReference = FA2FA85E268CBD0B00CC584E /* EssentialFeedCloneAPIEndToEndTests.xctest */;
			productType = "com.apple.product-type.bundle.unit-test";
		};
/* End PBXNativeTarget section */

/* Begin PBXProject section */
		FA1337CA268837270093F367 /* Project object */ = {
			isa = PBXProject;
			attributes = {
				LastSwiftUpdateCheck = 1250;
				LastUpgradeCheck = 1250;
				TargetAttributes = {
					FA1337D2268837270093F367 = {
						CreatedOnToolsVersion = 12.5.1;
					};
					FA1337DB268837270093F367 = {
						CreatedOnToolsVersion = 12.5.1;
					};
					FA1338082688437C0093F367 = {
						CreatedOnToolsVersion = 12.5.1;
					};
					FA2FA85D268CBD0B00CC584E = {
						CreatedOnToolsVersion = 12.5.1;
					};
				};
			};
			buildConfigurationList = FA1337CD268837270093F367 /* Build configuration list for PBXProject "EssentialFeedClone" */;
			compatibilityVersion = "Xcode 9.3";
			developmentRegion = en;
			hasScannedForEncodings = 0;
			knownRegions = (
				en,
				Base,
			);
			mainGroup = FA1337C9268837270093F367;
			productRefGroup = FA1337D4268837270093F367 /* Products */;
			projectDirPath = "";
			projectRoot = "";
			targets = (
				FA1337D2268837270093F367 /* EssentialFeedClone */,
				FA1337DB268837270093F367 /* EssentialFeedCloneTests */,
				FA1338082688437C0093F367 /* EssentialFeedAPIEndToEndTests */,
				FA2FA85D268CBD0B00CC584E /* EssentialFeedCloneAPIEndToEndTests */,
			);
		};
/* End PBXProject section */

/* Begin PBXResourcesBuildPhase section */
		FA1337D1268837270093F367 /* Resources */ = {
			isa = PBXResourcesBuildPhase;
			buildActionMask = 2147483647;
			files = (
			);
			runOnlyForDeploymentPostprocessing = 0;
		};
		FA1337DA268837270093F367 /* Resources */ = {
			isa = PBXResourcesBuildPhase;
			buildActionMask = 2147483647;
			files = (
			);
			runOnlyForDeploymentPostprocessing = 0;
		};
		FA1338072688437C0093F367 /* Resources */ = {
			isa = PBXResourcesBuildPhase;
			buildActionMask = 2147483647;
			files = (
			);
			runOnlyForDeploymentPostprocessing = 0;
		};
		FA2FA85C268CBD0B00CC584E /* Resources */ = {
			isa = PBXResourcesBuildPhase;
			buildActionMask = 2147483647;
			files = (
			);
			runOnlyForDeploymentPostprocessing = 0;
		};
/* End PBXResourcesBuildPhase section */

/* Begin PBXSourcesBuildPhase section */
		FA1337CF268837270093F367 /* Sources */ = {
			isa = PBXSourcesBuildPhase;
			buildActionMask = 2147483647;
			files = (
				FA1337F6268841C60093F367 /* FeedItem.swift in Sources */,
				FA1337F9268841C60093F367 /* HTTPClient.swift in Sources */,
				FA1337F5268841C60093F367 /* FeedLoader.swift in Sources */,
				FA1337F7268841C60093F367 /* URLSessionHTTPClient.swift in Sources */,
				FA1337FA268841C60093F367 /* RemoteFeedLoader.swift in Sources */,
				FA1337F8268841C60093F367 /* FeedItemsMapper.swift in Sources */,
			);
			runOnlyForDeploymentPostprocessing = 0;
		};
		FA1337D8268837270093F367 /* Sources */ = {
			isa = PBXSourcesBuildPhase;
			buildActionMask = 2147483647;
			files = (
				FA133800268842040093F367 /* EssentialFeedTests.swift in Sources */,
				FA1337E2268837270093F367 /* EssentialFeedCloneTests.swift in Sources */,
				FA133801268842040093F367 /* XCTestCase+MemoryHelper.swift in Sources */,
				FA133802268842040093F367 /* URLSessionHTTPClientTests.swift in Sources */,
				FA133804268842130093F367 /* RemoteFeedLoaderTests.swift in Sources */,
			);
			runOnlyForDeploymentPostprocessing = 0;
		};
		FA1338052688437C0093F367 /* Sources */ = {
			isa = PBXSourcesBuildPhase;
			buildActionMask = 2147483647;
			files = (
				FA13380C2688437C0093F367 /* EssentialFeedAPIEndToEndTests.swift in Sources */,
			);
			runOnlyForDeploymentPostprocessing = 0;
		};
		FA2FA85A268CBD0B00CC584E /* Sources */ = {
			isa = PBXSourcesBuildPhase;
			buildActionMask = 2147483647;
			files = (
				FA2FA861268CBD0B00CC584E /* EssentialFeedCloneAPIEndToEndTests.swift in Sources */,
			);
			runOnlyForDeploymentPostprocessing = 0;
		};
/* End PBXSourcesBuildPhase section */

/* Begin PBXTargetDependency section */
		FA1337DF268837270093F367 /* PBXTargetDependency */ = {
			isa = PBXTargetDependency;
			target = FA1337D2268837270093F367 /* EssentialFeedClone */;
			targetProxy = FA1337DE268837270093F367 /* PBXContainerItemProxy */;
		};
		FA1338102688437C0093F367 /* PBXTargetDependency */ = {
			isa = PBXTargetDependency;
			target = FA1337D2268837270093F367 /* EssentialFeedClone */;
			targetProxy = FA13380F2688437C0093F367 /* PBXContainerItemProxy */;
		};
		FA2FA865268CBD0B00CC584E /* PBXTargetDependency */ = {
			isa = PBXTargetDependency;
			target = FA1337D2268837270093F367 /* EssentialFeedClone */;
			targetProxy = FA2FA864268CBD0B00CC584E /* PBXContainerItemProxy */;
		};
/* End PBXTargetDependency section */

/* Begin XCBuildConfiguration section */
		FA1337E5268837270093F367 /* Debug */ = {
			isa = XCBuildConfiguration;
			buildSettings = {
				ALWAYS_SEARCH_USER_PATHS = NO;
				CLANG_ANALYZER_NONNULL = YES;
				CLANG_ANALYZER_NUMBER_OBJECT_CONVERSION = YES_AGGRESSIVE;
				CLANG_CXX_LANGUAGE_STANDARD = "gnu++14";
				CLANG_CXX_LIBRARY = "libc++";
				CLANG_ENABLE_MODULES = YES;
				CLANG_ENABLE_OBJC_ARC = YES;
				CLANG_ENABLE_OBJC_WEAK = YES;
				CLANG_WARN_BLOCK_CAPTURE_AUTORELEASING = YES;
				CLANG_WARN_BOOL_CONVERSION = YES;
				CLANG_WARN_COMMA = YES;
				CLANG_WARN_CONSTANT_CONVERSION = YES;
				CLANG_WARN_DEPRECATED_OBJC_IMPLEMENTATIONS = YES;
				CLANG_WARN_DIRECT_OBJC_ISA_USAGE = YES_ERROR;
				CLANG_WARN_DOCUMENTATION_COMMENTS = YES;
				CLANG_WARN_EMPTY_BODY = YES;
				CLANG_WARN_ENUM_CONVERSION = YES;
				CLANG_WARN_INFINITE_RECURSION = YES;
				CLANG_WARN_INT_CONVERSION = YES;
				CLANG_WARN_NON_LITERAL_NULL_CONVERSION = YES;
				CLANG_WARN_OBJC_IMPLICIT_RETAIN_SELF = YES;
				CLANG_WARN_OBJC_LITERAL_CONVERSION = YES;
				CLANG_WARN_OBJC_ROOT_CLASS = YES_ERROR;
				CLANG_WARN_QUOTED_INCLUDE_IN_FRAMEWORK_HEADER = YES;
				CLANG_WARN_RANGE_LOOP_ANALYSIS = YES;
				CLANG_WARN_STRICT_PROTOTYPES = YES;
				CLANG_WARN_SUSPICIOUS_MOVE = YES;
				CLANG_WARN_UNGUARDED_AVAILABILITY = YES_AGGRESSIVE;
				CLANG_WARN_UNREACHABLE_CODE = YES;
				CLANG_WARN__DUPLICATE_METHOD_MATCH = YES;
				COPY_PHASE_STRIP = NO;
				CURRENT_PROJECT_VERSION = 1;
				DEBUG_INFORMATION_FORMAT = dwarf;
				ENABLE_STRICT_OBJC_MSGSEND = YES;
				ENABLE_TESTABILITY = YES;
				GCC_C_LANGUAGE_STANDARD = gnu11;
				GCC_DYNAMIC_NO_PIC = NO;
				GCC_NO_COMMON_BLOCKS = YES;
				GCC_OPTIMIZATION_LEVEL = 0;
				GCC_PREPROCESSOR_DEFINITIONS = (
					"DEBUG=1",
					"$(inherited)",
				);
				GCC_WARN_64_TO_32_BIT_CONVERSION = YES;
				GCC_WARN_ABOUT_RETURN_TYPE = YES_ERROR;
				GCC_WARN_UNDECLARED_SELECTOR = YES;
				GCC_WARN_UNINITIALIZED_AUTOS = YES_AGGRESSIVE;
				GCC_WARN_UNUSED_FUNCTION = YES;
				GCC_WARN_UNUSED_VARIABLE = YES;
				MACOSX_DEPLOYMENT_TARGET = 11.3;
				MTL_ENABLE_DEBUG_INFO = INCLUDE_SOURCE;
				MTL_FAST_MATH = YES;
				ONLY_ACTIVE_ARCH = YES;
				SDKROOT = macosx;
				SWIFT_ACTIVE_COMPILATION_CONDITIONS = DEBUG;
				SWIFT_OPTIMIZATION_LEVEL = "-Onone";
				VERSIONING_SYSTEM = "apple-generic";
				VERSION_INFO_PREFIX = "";
			};
			name = Debug;
		};
		FA1337E6268837270093F367 /* Release */ = {
			isa = XCBuildConfiguration;
			buildSettings = {
				ALWAYS_SEARCH_USER_PATHS = NO;
				CLANG_ANALYZER_NONNULL = YES;
				CLANG_ANALYZER_NUMBER_OBJECT_CONVERSION = YES_AGGRESSIVE;
				CLANG_CXX_LANGUAGE_STANDARD = "gnu++14";
				CLANG_CXX_LIBRARY = "libc++";
				CLANG_ENABLE_MODULES = YES;
				CLANG_ENABLE_OBJC_ARC = YES;
				CLANG_ENABLE_OBJC_WEAK = YES;
				CLANG_WARN_BLOCK_CAPTURE_AUTORELEASING = YES;
				CLANG_WARN_BOOL_CONVERSION = YES;
				CLANG_WARN_COMMA = YES;
				CLANG_WARN_CONSTANT_CONVERSION = YES;
				CLANG_WARN_DEPRECATED_OBJC_IMPLEMENTATIONS = YES;
				CLANG_WARN_DIRECT_OBJC_ISA_USAGE = YES_ERROR;
				CLANG_WARN_DOCUMENTATION_COMMENTS = YES;
				CLANG_WARN_EMPTY_BODY = YES;
				CLANG_WARN_ENUM_CONVERSION = YES;
				CLANG_WARN_INFINITE_RECURSION = YES;
				CLANG_WARN_INT_CONVERSION = YES;
				CLANG_WARN_NON_LITERAL_NULL_CONVERSION = YES;
				CLANG_WARN_OBJC_IMPLICIT_RETAIN_SELF = YES;
				CLANG_WARN_OBJC_LITERAL_CONVERSION = YES;
				CLANG_WARN_OBJC_ROOT_CLASS = YES_ERROR;
				CLANG_WARN_QUOTED_INCLUDE_IN_FRAMEWORK_HEADER = YES;
				CLANG_WARN_RANGE_LOOP_ANALYSIS = YES;
				CLANG_WARN_STRICT_PROTOTYPES = YES;
				CLANG_WARN_SUSPICIOUS_MOVE = YES;
				CLANG_WARN_UNGUARDED_AVAILABILITY = YES_AGGRESSIVE;
				CLANG_WARN_UNREACHABLE_CODE = YES;
				CLANG_WARN__DUPLICATE_METHOD_MATCH = YES;
				COPY_PHASE_STRIP = NO;
				CURRENT_PROJECT_VERSION = 1;
				DEBUG_INFORMATION_FORMAT = "dwarf-with-dsym";
				ENABLE_NS_ASSERTIONS = NO;
				ENABLE_STRICT_OBJC_MSGSEND = YES;
				GCC_C_LANGUAGE_STANDARD = gnu11;
				GCC_NO_COMMON_BLOCKS = YES;
				GCC_WARN_64_TO_32_BIT_CONVERSION = YES;
				GCC_WARN_ABOUT_RETURN_TYPE = YES_ERROR;
				GCC_WARN_UNDECLARED_SELECTOR = YES;
				GCC_WARN_UNINITIALIZED_AUTOS = YES_AGGRESSIVE;
				GCC_WARN_UNUSED_FUNCTION = YES;
				GCC_WARN_UNUSED_VARIABLE = YES;
				MACOSX_DEPLOYMENT_TARGET = 11.3;
				MTL_ENABLE_DEBUG_INFO = NO;
				MTL_FAST_MATH = YES;
				SDKROOT = macosx;
				SWIFT_COMPILATION_MODE = wholemodule;
				SWIFT_OPTIMIZATION_LEVEL = "-O";
				VERSIONING_SYSTEM = "apple-generic";
				VERSION_INFO_PREFIX = "";
			};
			name = Release;
		};
		FA1337E8268837270093F367 /* Debug */ = {
			isa = XCBuildConfiguration;
			buildSettings = {
				CODE_SIGN_STYLE = Automatic;
				COMBINE_HIDPI_IMAGES = YES;
				DEFINES_MODULE = YES;
				DEVELOPMENT_TEAM = 9X7BN9YP4C;
				DYLIB_COMPATIBILITY_VERSION = 1;
				DYLIB_CURRENT_VERSION = 1;
				DYLIB_INSTALL_NAME_BASE = "@rpath";
				INFOPLIST_FILE = EssentialFeedClone/Info.plist;
				INSTALL_PATH = "$(LOCAL_LIBRARY_DIR)/Frameworks";
				LD_RUNPATH_SEARCH_PATHS = (
					"$(inherited)",
					"@executable_path/../Frameworks",
					"@loader_path/Frameworks",
				);
				PRODUCT_BUNDLE_IDENTIFIER = com.Swiggy.EssentialFeedClone;
				PRODUCT_NAME = "$(TARGET_NAME:c99extidentifier)";
				SKIP_INSTALL = YES;
				SWIFT_VERSION = 5.0;
			};
			name = Debug;
		};
		FA1337E9268837270093F367 /* Release */ = {
			isa = XCBuildConfiguration;
			buildSettings = {
				CODE_SIGN_STYLE = Automatic;
				COMBINE_HIDPI_IMAGES = YES;
				DEFINES_MODULE = YES;
				DEVELOPMENT_TEAM = 9X7BN9YP4C;
				DYLIB_COMPATIBILITY_VERSION = 1;
				DYLIB_CURRENT_VERSION = 1;
				DYLIB_INSTALL_NAME_BASE = "@rpath";
				INFOPLIST_FILE = EssentialFeedClone/Info.plist;
				INSTALL_PATH = "$(LOCAL_LIBRARY_DIR)/Frameworks";
				LD_RUNPATH_SEARCH_PATHS = (
					"$(inherited)",
					"@executable_path/../Frameworks",
					"@loader_path/Frameworks",
				);
				PRODUCT_BUNDLE_IDENTIFIER = com.Swiggy.EssentialFeedClone;
				PRODUCT_NAME = "$(TARGET_NAME:c99extidentifier)";
				SKIP_INSTALL = YES;
				SWIFT_VERSION = 5.0;
			};
			name = Release;
		};
		FA1337EB268837270093F367 /* Debug */ = {
			isa = XCBuildConfiguration;
			buildSettings = {
				ALWAYS_EMBED_SWIFT_STANDARD_LIBRARIES = YES;
				CODE_SIGN_STYLE = Automatic;
				COMBINE_HIDPI_IMAGES = YES;
				DEVELOPMENT_TEAM = 9X7BN9YP4C;
				INFOPLIST_FILE = EssentialFeedCloneTests/Info.plist;
				LD_RUNPATH_SEARCH_PATHS = (
					"$(inherited)",
					"@executable_path/../Frameworks",
					"@loader_path/../Frameworks",
				);
				PRODUCT_BUNDLE_IDENTIFIER = com.Swiggy.EssentialFeedCloneTests;
				PRODUCT_NAME = "$(TARGET_NAME)";
				SWIFT_VERSION = 5.0;
			};
			name = Debug;
		};
		FA1337EC268837270093F367 /* Release */ = {
			isa = XCBuildConfiguration;
			buildSettings = {
				ALWAYS_EMBED_SWIFT_STANDARD_LIBRARIES = YES;
				CODE_SIGN_STYLE = Automatic;
				COMBINE_HIDPI_IMAGES = YES;
				DEVELOPMENT_TEAM = 9X7BN9YP4C;
				INFOPLIST_FILE = EssentialFeedCloneTests/Info.plist;
				LD_RUNPATH_SEARCH_PATHS = (
					"$(inherited)",
					"@executable_path/../Frameworks",
					"@loader_path/../Frameworks",
				);
				PRODUCT_BUNDLE_IDENTIFIER = com.Swiggy.EssentialFeedCloneTests;
				PRODUCT_NAME = "$(TARGET_NAME)";
				SWIFT_VERSION = 5.0;
			};
			name = Release;
		};
		FA1338122688437C0093F367 /* Debug */ = {
			isa = XCBuildConfiguration;
			buildSettings = {
				CODE_SIGN_STYLE = Automatic;
				COMBINE_HIDPI_IMAGES = YES;
				DEVELOPMENT_TEAM = 9X7BN9YP4C;
				INFOPLIST_FILE = EssentialFeedAPIEndToEndTests/Info.plist;
				LD_RUNPATH_SEARCH_PATHS = (
					"$(inherited)",
					"@executable_path/../Frameworks",
					"@loader_path/../Frameworks",
				);
				PRODUCT_BUNDLE_IDENTIFIER = com.Swiggy.EssentialFeedAPIEndToEndTests;
				PRODUCT_NAME = "$(TARGET_NAME)";
				SWIFT_VERSION = 5.0;
			};
			name = Debug;
		};
		FA1338132688437C0093F367 /* Release */ = {
			isa = XCBuildConfiguration;
			buildSettings = {
				CODE_SIGN_STYLE = Automatic;
				COMBINE_HIDPI_IMAGES = YES;
				DEVELOPMENT_TEAM = 9X7BN9YP4C;
				INFOPLIST_FILE = EssentialFeedAPIEndToEndTests/Info.plist;
				LD_RUNPATH_SEARCH_PATHS = (
					"$(inherited)",
					"@executable_path/../Frameworks",
					"@loader_path/../Frameworks",
				);
				PRODUCT_BUNDLE_IDENTIFIER = com.Swiggy.EssentialFeedAPIEndToEndTests;
				PRODUCT_NAME = "$(TARGET_NAME)";
				SWIFT_VERSION = 5.0;
			};
			name = Release;
		};
		FA2FA866268CBD0B00CC584E /* Debug */ = {
			isa = XCBuildConfiguration;
			buildSettings = {
				CODE_SIGN_STYLE = Automatic;
				COMBINE_HIDPI_IMAGES = YES;
				DEVELOPMENT_TEAM = 9X7BN9YP4C;
				INFOPLIST_FILE = EssentialFeedCloneAPIEndToEndTests/Info.plist;
				LD_RUNPATH_SEARCH_PATHS = (
					"$(inherited)",
					"@executable_path/../Frameworks",
					"@loader_path/../Frameworks",
				);
				PRODUCT_BUNDLE_IDENTIFIER = com.Swiggy.EssentialFeedCloneAPIEndToEndTests;
				PRODUCT_NAME = "$(TARGET_NAME)";
				SWIFT_VERSION = 5.0;
			};
			name = Debug;
		};
		FA2FA867268CBD0B00CC584E /* Release */ = {
			isa = XCBuildConfiguration;
			buildSettings = {
				CODE_SIGN_STYLE = Automatic;
				COMBINE_HIDPI_IMAGES = YES;
				DEVELOPMENT_TEAM = 9X7BN9YP4C;
				INFOPLIST_FILE = EssentialFeedCloneAPIEndToEndTests/Info.plist;
				LD_RUNPATH_SEARCH_PATHS = (
					"$(inherited)",
					"@executable_path/../Frameworks",
					"@loader_path/../Frameworks",
				);
				PRODUCT_BUNDLE_IDENTIFIER = com.Swiggy.EssentialFeedCloneAPIEndToEndTests;
				PRODUCT_NAME = "$(TARGET_NAME)";
				SWIFT_VERSION = 5.0;
			};
			name = Release;
		};
/* End XCBuildConfiguration section */

/* Begin XCConfigurationList section */
		FA1337CD268837270093F367 /* Build configuration list for PBXProject "EssentialFeedClone" */ = {
			isa = XCConfigurationList;
			buildConfigurations = (
				FA1337E5268837270093F367 /* Debug */,
				FA1337E6268837270093F367 /* Release */,
			);
			defaultConfigurationIsVisible = 0;
			defaultConfigurationName = Release;
		};
		FA1337E7268837270093F367 /* Build configuration list for PBXNativeTarget "EssentialFeedClone" */ = {
			isa = XCConfigurationList;
			buildConfigurations = (
				FA1337E8268837270093F367 /* Debug */,
				FA1337E9268837270093F367 /* Release */,
			);
			defaultConfigurationIsVisible = 0;
			defaultConfigurationName = Release;
		};
		FA1337EA268837270093F367 /* Build configuration list for PBXNativeTarget "EssentialFeedCloneTests" */ = {
			isa = XCConfigurationList;
			buildConfigurations = (
				FA1337EB268837270093F367 /* Debug */,
				FA1337EC268837270093F367 /* Release */,
			);
			defaultConfigurationIsVisible = 0;
			defaultConfigurationName = Release;
		};
		FA1338112688437C0093F367 /* Build configuration list for PBXNativeTarget "EssentialFeedAPIEndToEndTests" */ = {
			isa = XCConfigurationList;
			buildConfigurations = (
				FA1338122688437C0093F367 /* Debug */,
				FA1338132688437C0093F367 /* Release */,
			);
			defaultConfigurationIsVisible = 0;
			defaultConfigurationName = Release;
		};
		FA2FA868268CBD0B00CC584E /* Build configuration list for PBXNativeTarget "EssentialFeedCloneAPIEndToEndTests" */ = {
			isa = XCConfigurationList;
			buildConfigurations = (
				FA2FA866268CBD0B00CC584E /* Debug */,
				FA2FA867268CBD0B00CC584E /* Release */,
			);
			defaultConfigurationIsVisible = 0;
			defaultConfigurationName = Release;
		};
/* End XCConfigurationList section */
	};
	rootObject = FA1337CA268837270093F367 /* Project object */;
}
